
Microsoft Visual Studio Solution File, Format Version 10.00
# Visual Studio 2008
Project("{FAE04EC0-301F-11D3-BF4B-00C04F79EFBC}") = "StromoLight_Server", "FootTrackerTwoEventDriven\StromoLight_Server.csproj", "{34F1BFD8-0306-4BDF-BEFD-2CC2B94CB27A}"
EndProject
Global
	GlobalSection(SolutionConfigurationPlatforms) = preSolution
		Debug|Any CPU = Debug|Any CPU
		Release|Any CPU = Release|Any CPU
	EndGlobalSection
	GlobalSection(ProjectConfigurationPlatforms) = postSolution
		{34F1BFD8-0306-4BDF-BEFD-2CC2B94CB27A}.Debug|Any CPU.ActiveCfg = Debug|Any CPU
		{34F1BFD8-0306-4BDF-BEFD-2CC2B94CB27A}.Debug|Any CPU.Build.0 = Debug|Any CPU
		{34F1BFD8-0306-4BDF-BEFD-2CC2B94CB27A}.Release|Any CPU.ActiveCfg = Release|Any CPU
		{34F1BFD8-0306-4BDF-BEFD-2CC2B94CB27A}.Release|Any CPU.Build.0 = Release|Any CPU
	EndGlobalSection
	GlobalSection(SolutionProperties) = preSolution
		HideSolutionNode = FALSE
	EndGlobalSection
EndGlobal
