
Microsoft Visual Studio Solution File, Format Version 10.00
# Visual Studio 2008
Project("{FAE04EC0-301F-11D3-BF4B-00C04F79EFBC}") = "CustomControls", "CustomControls\CustomControls.csproj", "{6F9B98D5-9CF5-4595-ADD5-9B67AD78344D}"
EndProject
Global
	GlobalSection(SolutionConfigurationPlatforms) = preSolution
		Debug|Any CPU = Debug|Any CPU
		Release|Any CPU = Release|Any CPU
	EndGlobalSection
	GlobalSection(ProjectConfigurationPlatforms) = postSolution
		{6F9B98D5-9CF5-4595-ADD5-9B67AD78344D}.Debug|Any CPU.ActiveCfg = Debug|Any CPU
		{6F9B98D5-9CF5-4595-ADD5-9B67AD78344D}.Debug|Any CPU.Build.0 = Debug|Any CPU
		{6F9B98D5-9CF5-4595-ADD5-9B67AD78344D}.Release|Any CPU.ActiveCfg = Release|Any CPU
		{6F9B98D5-9CF5-4595-ADD5-9B67AD78344D}.Release|Any CPU.Build.0 = Release|Any CPU
	EndGlobalSection
	GlobalSection(SolutionProperties) = preSolution
		HideSolutionNode = FALSE
	EndGlobalSection
EndGlobal
